
Microsoft Visual Studio Solution File, Format Version 12.00
# Visual Studio Version 17
VisualStudioVersion = 17.5.002.0
MinimumVisualStudioVersion = 10.0.40219.1
Project("{9A19103F-16F7-4668-BE54-9A1E7A4F7556}") = "RealEstateAppAPI", "RealEstateAppAPI\RealEstateAppAPI.csproj", "{432BDF23-872E-41F7-A4B5-0EEAE30D7623}"
EndProject
Global
	GlobalSection(SolutionConfigurationPlatforms) = preSolution
		Debug|Any CPU = Debug|Any CPU
		Release|Any CPU = Release|Any CPU
	EndGlobalSection
	GlobalSection(ProjectConfigurationPlatforms) = postSolution
		{432BDF23-872E-41F7-A4B5-0EEAE30D7623}.Debug|Any CPU.ActiveCfg = Debug|Any CPU
		{432BDF23-872E-41F7-A4B5-0EEAE30D7623}.Debug|Any CPU.Build.0 = Debug|Any CPU
		{432BDF23-872E-41F7-A4B5-0EEAE30D7623}.Release|Any CPU.ActiveCfg = Release|Any CPU
		{432BDF23-872E-41F7-A4B5-0EEAE30D7623}.Release|Any CPU.Build.0 = Release|Any CPU
	EndGlobalSection
	GlobalSection(SolutionProperties) = preSolution
		HideSolutionNode = FALSE
	EndGlobalSection
	GlobalSection(ExtensibilityGlobals) = postSolution
		SolutionGuid = {ADA1C683-4676-4249-BF28-9CF81D4440F8}
	EndGlobalSection
EndGlobal
